// !$*UTF8*$!
{
	archiveVersion = 1;
	classes = {
	};
	objectVersion = 51;
	objects = {

/* Begin PBXBuildFile section */
		0D8BD5B5236F0352007B4234 /* AppDelegate.swift in Sources */ = {isa = PBXBuildFile; fileRef = 0D8BD5B4236F0352007B4234 /* AppDelegate.swift */; };
		0D8BD5B7236F0352007B4234 /* SceneDelegate.swift in Sources */ = {isa = PBXBuildFile; fileRef = 0D8BD5B6236F0352007B4234 /* SceneDelegate.swift */; };
		0D8BD5B9236F0352007B4234 /* MainViewController.swift in Sources */ = {isa = PBXBuildFile; fileRef = 0D8BD5B8236F0352007B4234 /* MainViewController.swift */; };
		0D8BD5BC236F0352007B4234 /* Main.storyboard in Resources */ = {isa = PBXBuildFile; fileRef = 0D8BD5BA236F0352007B4234 /* Main.storyboard */; };
		0D8BD5BE236F0352007B4234 /* Assets.xcassets in Resources */ = {isa = PBXBuildFile; fileRef = 0D8BD5BD236F0352007B4234 /* Assets.xcassets */; };
		0D8BD5C1236F0352007B4234 /* LaunchScreen.storyboard in Resources */ = {isa = PBXBuildFile; fileRef = 0D8BD5BF236F0352007B4234 /* LaunchScreen.storyboard */; };
		0D8BD5CC236F0D4D007B4234 /* MainViewModel.swift in Sources */ = {isa = PBXBuildFile; fileRef = 0D8BD5CB236F0D4D007B4234 /* MainViewModel.swift */; };
		0D8BD5CF236F0FCD007B4234 /* Sub1.storyboard in Resources */ = {isa = PBXBuildFile; fileRef = 0D8BD5CD236F0FCD007B4234 /* Sub1.storyboard */; };
		0D8BD5D1236F0FE9007B4234 /* Sub1ViewController.swift in Sources */ = {isa = PBXBuildFile; fileRef = 0D8BD5D0236F0FE9007B4234 /* Sub1ViewController.swift */; };
		0D8BD5D3236F1603007B4234 /* Store.swift in Sources */ = {isa = PBXBuildFile; fileRef = 0D8BD5D2236F1603007B4234 /* Store.swift */; };
		0D8BD5D6236F1909007B4234 /* Login.storyboard in Resources */ = {isa = PBXBuildFile; fileRef = 0D8BD5D4236F1909007B4234 /* Login.storyboard */; };
		0D8BD5D8236F191F007B4234 /* LoginViewController.swift in Sources */ = {isa = PBXBuildFile; fileRef = 0D8BD5D7236F191F007B4234 /* LoginViewController.swift */; };
		0D8BD5DA236F1953007B4234 /* LoginViewModel.swift in Sources */ = {isa = PBXBuildFile; fileRef = 0D8BD5D9236F1953007B4234 /* LoginViewModel.swift */; };
		0D8BD5DD236F54B2007B4234 /* LoginAction.swift in Sources */ = {isa = PBXBuildFile; fileRef = 0D8BD5DC236F54B1007B4234 /* LoginAction.swift */; };
		0D8BD5DF237002C3007B4234 /* Sub1ViewModel.swift in Sources */ = {isa = PBXBuildFile; fileRef = 0D8BD5DE237002C3007B4234 /* Sub1ViewModel.swift */; };
		0D8BD5E123700A9B007B4234 /* UserAction.swift in Sources */ = {isa = PBXBuildFile; fileRef = 0D8BD5E023700A9B007B4234 /* UserAction.swift */; };
		45B1A3251DB6238FC3F413FE /* Pods_RxSwiftFundamentals.framework in Frameworks */ = {isa = PBXBuildFile; fileRef = 1BA7470D1B6B4D0566375685 /* Pods_RxSwiftFundamentals.framework */; };
/* End PBXBuildFile section */

/* Begin PBXFileReference section */
		0D8BD5B1236F0352007B4234 /* RxSwiftFundamentals.app */ = {isa = PBXFileReference; explicitFileType = wrapper.application; includeInIndex = 0; path = RxSwiftFundamentals.app; sourceTree = BUILT_PRODUCTS_DIR; };
		0D8BD5B4236F0352007B4234 /* AppDelegate.swift */ = {isa = PBXFileReference; lastKnownFileType = sourcecode.swift; path = AppDelegate.swift; sourceTree = "<group>"; };
		0D8BD5B6236F0352007B4234 /* SceneDelegate.swift */ = {isa = PBXFileReference; lastKnownFileType = sourcecode.swift; path = SceneDelegate.swift; sourceTree = "<group>"; };
		0D8BD5B8236F0352007B4234 /* MainViewController.swift */ = {isa = PBXFileReference; lastKnownFileType = sourcecode.swift; path = MainViewController.swift; sourceTree = "<group>"; };
		0D8BD5BB236F0352007B4234 /* Base */ = {isa = PBXFileReference; lastKnownFileType = file.storyboard; name = Base; path = Base.lproj/Main.storyboard; sourceTree = "<group>"; };
		0D8BD5BD236F0352007B4234 /* Assets.xcassets */ = {isa = PBXFileReference; lastKnownFileType = folder.assetcatalog; path = Assets.xcassets; sourceTree = "<group>"; };
		0D8BD5C0236F0352007B4234 /* Base */ = {isa = PBXFileReference; lastKnownFileType = file.storyboard; name = Base; path = Base.lproj/LaunchScreen.storyboard; sourceTree = "<group>"; };
		0D8BD5C2236F0352007B4234 /* Info.plist */ = {isa = PBXFileReference; lastKnownFileType = text.plist.xml; path = Info.plist; sourceTree = "<group>"; };
		0D8BD5CB236F0D4D007B4234 /* MainViewModel.swift */ = {isa = PBXFileReference; lastKnownFileType = sourcecode.swift; path = MainViewModel.swift; sourceTree = "<group>"; };
		0D8BD5CE236F0FCD007B4234 /* Base */ = {isa = PBXFileReference; lastKnownFileType = file.storyboard; name = Base; path = Base.lproj/Sub1.storyboard; sourceTree = "<group>"; };
		0D8BD5D0236F0FE9007B4234 /* Sub1ViewController.swift */ = {isa = PBXFileReference; lastKnownFileType = sourcecode.swift; path = Sub1ViewController.swift; sourceTree = "<group>"; };
		0D8BD5D2236F1603007B4234 /* Store.swift */ = {isa = PBXFileReference; lastKnownFileType = sourcecode.swift; path = Store.swift; sourceTree = "<group>"; };
		0D8BD5D5236F1909007B4234 /* Base */ = {isa = PBXFileReference; lastKnownFileType = file.storyboard; name = Base; path = Base.lproj/Login.storyboard; sourceTree = "<group>"; };
		0D8BD5D7236F191F007B4234 /* LoginViewController.swift */ = {isa = PBXFileReference; lastKnownFileType = sourcecode.swift; path = LoginViewController.swift; sourceTree = "<group>"; };
		0D8BD5D9236F1953007B4234 /* LoginViewModel.swift */ = {isa = PBXFileReference; lastKnownFileType = sourcecode.swift; path = LoginViewModel.swift; sourceTree = "<group>"; };
		0D8BD5DC236F54B1007B4234 /* LoginAction.swift */ = {isa = PBXFileReference; lastKnownFileType = sourcecode.swift; path = LoginAction.swift; sourceTree = "<group>"; };
		0D8BD5DE237002C3007B4234 /* Sub1ViewModel.swift */ = {isa = PBXFileReference; lastKnownFileType = sourcecode.swift; path = Sub1ViewModel.swift; sourceTree = "<group>"; };
		0D8BD5E023700A9B007B4234 /* UserAction.swift */ = {isa = PBXFileReference; lastKnownFileType = sourcecode.swift; path = UserAction.swift; sourceTree = "<group>"; };
		1BA7470D1B6B4D0566375685 /* Pods_RxSwiftFundamentals.framework */ = {isa = PBXFileReference; explicitFileType = wrapper.framework; includeInIndex = 0; path = Pods_RxSwiftFundamentals.framework; sourceTree = BUILT_PRODUCTS_DIR; };
		89A5ECA4A45CE7C58767BA01 /* Pods-RxSwiftFundamentals.release.xcconfig */ = {isa = PBXFileReference; includeInIndex = 1; lastKnownFileType = text.xcconfig; name = "Pods-RxSwiftFundamentals.release.xcconfig"; path = "Target Support Files/Pods-RxSwiftFundamentals/Pods-RxSwiftFundamentals.release.xcconfig"; sourceTree = "<group>"; };
		95B79B027560D14A9D16D631 /* Pods-RxSwiftFundamentals.debug.xcconfig */ = {isa = PBXFileReference; includeInIndex = 1; lastKnownFileType = text.xcconfig; name = "Pods-RxSwiftFundamentals.debug.xcconfig"; path = "Target Support Files/Pods-RxSwiftFundamentals/Pods-RxSwiftFundamentals.debug.xcconfig"; sourceTree = "<group>"; };
/* End PBXFileReference section */

/* Begin PBXFrameworksBuildPhase section */
		0D8BD5AE236F0352007B4234 /* Frameworks */ = {
			isa = PBXFrameworksBuildPhase;
			buildActionMask = 2147483647;
			files = (
				45B1A3251DB6238FC3F413FE /* Pods_RxSwiftFundamentals.framework in Frameworks */,
			);
			runOnlyForDeploymentPostprocessing = 0;
		};
/* End PBXFrameworksBuildPhase section */

/* Begin PBXGroup section */
		0D8BD5A8236F0352007B4234 = {
			isa = PBXGroup;
			children = (
				0D8BD5B3236F0352007B4234 /* RxSwiftFundamentals */,
				0D8BD5B2236F0352007B4234 /* Products */,
				7BAE74C3681FB91D2F30F890 /* Pods */,
				A1840473CFE6CFEDCFDB43CD /* Frameworks */,
			);
			sourceTree = "<group>";
		};
		0D8BD5B2236F0352007B4234 /* Products */ = {
			isa = PBXGroup;
			children = (
				0D8BD5B1236F0352007B4234 /* RxSwiftFundamentals.app */,
			);
			name = Products;
			sourceTree = "<group>";
		};
		0D8BD5B3236F0352007B4234 /* RxSwiftFundamentals */ = {
			isa = PBXGroup;
			children = (
				0D8BD5DB236F54A7007B4234 /* Action */,
				0D8BD5CA236F0A5B007B4234 /* StoryBoard */,
				0D8BD5C9236F0A51007B4234 /* ViewModel */,
				0D8BD5C8236F0A48007B4234 /* ViewController */,
				0D8BD5B4236F0352007B4234 /* AppDelegate.swift */,
				0D8BD5B6236F0352007B4234 /* SceneDelegate.swift */,
				0D8BD5BD236F0352007B4234 /* Assets.xcassets */,
				0D8BD5BF236F0352007B4234 /* LaunchScreen.storyboard */,
				0D8BD5C2236F0352007B4234 /* Info.plist */,
				0D8BD5D2236F1603007B4234 /* Store.swift */,
			);
			path = RxSwiftFundamentals;
			sourceTree = "<group>";
		};
		0D8BD5C8236F0A48007B4234 /* ViewController */ = {
			isa = PBXGroup;
			children = (
				0D8BD5B8236F0352007B4234 /* MainViewController.swift */,
				0D8BD5D0236F0FE9007B4234 /* Sub1ViewController.swift */,
				0D8BD5D7236F191F007B4234 /* LoginViewController.swift */,
			);
			path = ViewController;
			sourceTree = "<group>";
		};
		0D8BD5C9236F0A51007B4234 /* ViewModel */ = {
			isa = PBXGroup;
			children = (
				0D8BD5CB236F0D4D007B4234 /* MainViewModel.swift */,
				0D8BD5DE237002C3007B4234 /* Sub1ViewModel.swift */,
				0D8BD5D9236F1953007B4234 /* LoginViewModel.swift */,
			);
			path = ViewModel;
			sourceTree = "<group>";
		};
		0D8BD5CA236F0A5B007B4234 /* StoryBoard */ = {
			isa = PBXGroup;
			children = (
				0D8BD5BA236F0352007B4234 /* Main.storyboard */,
				0D8BD5CD236F0FCD007B4234 /* Sub1.storyboard */,
				0D8BD5D4236F1909007B4234 /* Login.storyboard */,
			);
			path = StoryBoard;
			sourceTree = "<group>";
		};
		0D8BD5DB236F54A7007B4234 /* Action */ = {
			isa = PBXGroup;
			children = (
				0D8BD5DC236F54B1007B4234 /* LoginAction.swift */,
				0D8BD5E023700A9B007B4234 /* UserAction.swift */,
			);
			path = Action;
			sourceTree = "<group>";
		};
		7BAE74C3681FB91D2F30F890 /* Pods */ = {
			isa = PBXGroup;
			children = (
				95B79B027560D14A9D16D631 /* Pods-RxSwiftFundamentals.debug.xcconfig */,
				89A5ECA4A45CE7C58767BA01 /* Pods-RxSwiftFundamentals.release.xcconfig */,
			);
			path = Pods;
			sourceTree = "<group>";
		};
		A1840473CFE6CFEDCFDB43CD /* Frameworks */ = {
			isa = PBXGroup;
			children = (
				1BA7470D1B6B4D0566375685 /* Pods_RxSwiftFundamentals.framework */,
			);
			name = Frameworks;
			sourceTree = "<group>";
		};
/* End PBXGroup section */

/* Begin PBXNativeTarget section */
		0D8BD5B0236F0352007B4234 /* RxSwiftFundamentals */ = {
			isa = PBXNativeTarget;
			buildConfigurationList = 0D8BD5C5236F0352007B4234 /* Build configuration list for PBXNativeTarget "RxSwiftFundamentals" */;
			buildPhases = (
				1E8019E661ECEC9B0F251D88 /* [CP] Check Pods Manifest.lock */,
				0D8BD5AD236F0352007B4234 /* Sources */,
				0D8BD5AE236F0352007B4234 /* Frameworks */,
				0D8BD5AF236F0352007B4234 /* Resources */,
				BA03E5A0E8471853A3012DCA /* [CP] Embed Pods Frameworks */,
			);
			buildRules = (
			);
			dependencies = (
			);
			name = RxSwiftFundamentals;
			productName = RxSwiftFundamentals;
			productReference = 0D8BD5B1236F0352007B4234 /* RxSwiftFundamentals.app */;
			productType = "com.apple.product-type.application";
		};
/* End PBXNativeTarget section */

/* Begin PBXProject section */
		0D8BD5A9236F0352007B4234 /* Project object */ = {
			isa = PBXProject;
			attributes = {
				LastSwiftUpdateCheck = 1110;
				LastUpgradeCheck = 1110;
				ORGANIZATIONNAME = osamtimizer;
				TargetAttributes = {
					0D8BD5B0236F0352007B4234 = {
						CreatedOnToolsVersion = 11.1;
					};
				};
			};
			buildConfigurationList = 0D8BD5AC236F0352007B4234 /* Build configuration list for PBXProject "RxSwiftFundamentals" */;
			compatibilityVersion = "Xcode 9.3";
			developmentRegion = en;
			hasScannedForEncodings = 0;
			knownRegions = (
				en,
				Base,
			);
			mainGroup = 0D8BD5A8236F0352007B4234;
			productRefGroup = 0D8BD5B2236F0352007B4234 /* Products */;
			projectDirPath = "";
			projectRoot = "";
			targets = (
				0D8BD5B0236F0352007B4234 /* RxSwiftFundamentals */,
			);
		};
/* End PBXProject section */

/* Begin PBXResourcesBuildPhase section */
		0D8BD5AF236F0352007B4234 /* Resources */ = {
			isa = PBXResourcesBuildPhase;
			buildActionMask = 2147483647;
			files = (
				0D8BD5C1236F0352007B4234 /* LaunchScreen.storyboard in Resources */,
				0D8BD5CF236F0FCD007B4234 /* Sub1.storyboard in Resources */,
				0D8BD5BE236F0352007B4234 /* Assets.xcassets in Resources */,
				0D8BD5D6236F1909007B4234 /* Login.storyboard in Resources */,
				0D8BD5BC236F0352007B4234 /* Main.storyboard in Resources */,
			);
			runOnlyForDeploymentPostprocessing = 0;
		};
/* End PBXResourcesBuildPhase section */

/* Begin PBXShellScriptBuildPhase section */
		1E8019E661ECEC9B0F251D88 /* [CP] Check Pods Manifest.lock */ = {
			isa = PBXShellScriptBuildPhase;
			buildActionMask = 2147483647;
			files = (
			);
			inputFileListPaths = (
			);
			inputPaths = (
				"${PODS_PODFILE_DIR_PATH}/Podfile.lock",
				"${PODS_ROOT}/Manifest.lock",
			);
			name = "[CP] Check Pods Manifest.lock";
			outputFileListPaths = (
			);
			outputPaths = (
				"$(DERIVED_FILE_DIR)/Pods-RxSwiftFundamentals-checkManifestLockResult.txt",
			);
			runOnlyForDeploymentPostprocessing = 0;
			shellPath = /bin/sh;
			shellScript = "diff \"${PODS_PODFILE_DIR_PATH}/Podfile.lock\" \"${PODS_ROOT}/Manifest.lock\" > /dev/null\nif [ $? != 0 ] ; then\n    # print error to STDERR\n    echo \"error: The sandbox is not in sync with the Podfile.lock. Run 'pod install' or update your CocoaPods installation.\" >&2\n    exit 1\nfi\n# This output is used by Xcode 'outputs' to avoid re-running this script phase.\necho \"SUCCESS\" > \"${SCRIPT_OUTPUT_FILE_0}\"\n";
			showEnvVarsInLog = 0;
		};
		BA03E5A0E8471853A3012DCA /* [CP] Embed Pods Frameworks */ = {
			isa = PBXShellScriptBuildPhase;
			buildActionMask = 2147483647;
			files = (
			);
			inputFileListPaths = (
				"${PODS_ROOT}/Target Support Files/Pods-RxSwiftFundamentals/Pods-RxSwiftFundamentals-frameworks-${CONFIGURATION}-input-files.xcfilelist",
			);
			name = "[CP] Embed Pods Frameworks";
			outputFileListPaths = (
				"${PODS_ROOT}/Target Support Files/Pods-RxSwiftFundamentals/Pods-RxSwiftFundamentals-frameworks-${CONFIGURATION}-output-files.xcfilelist",
			);
			runOnlyForDeploymentPostprocessing = 0;
			shellPath = /bin/sh;
			shellScript = "\"${PODS_ROOT}/Target Support Files/Pods-RxSwiftFundamentals/Pods-RxSwiftFundamentals-frameworks.sh\"\n";
			showEnvVarsInLog = 0;
		};
/* End PBXShellScriptBuildPhase section */

/* Begin PBXSourcesBuildPhase section */
		0D8BD5AD236F0352007B4234 /* Sources */ = {
			isa = PBXSourcesBuildPhase;
			buildActionMask = 2147483647;
			files = (
				0D8BD5D8236F191F007B4234 /* LoginViewController.swift in Sources */,
				0D8BD5D1236F0FE9007B4234 /* Sub1ViewController.swift in Sources */,
				0D8BD5DD236F54B2007B4234 /* LoginAction.swift in Sources */,
				0D8BD5B9236F0352007B4234 /* MainViewController.swift in Sources */,
				0D8BD5B5236F0352007B4234 /* AppDelegate.swift in Sources */,
				0D8BD5DF237002C3007B4234 /* Sub1ViewModel.swift in Sources */,
				0D8BD5DA236F1953007B4234 /* LoginViewModel.swift in Sources */,
				0D8BD5E123700A9B007B4234 /* UserAction.swift in Sources */,
				0D8BD5D3236F1603007B4234 /* Store.swift in Sources */,
				0D8BD5B7236F0352007B4234 /* SceneDelegate.swift in Sources */,
				0D8BD5CC236F0D4D007B4234 /* MainViewModel.swift in Sources */,
			);
			runOnlyForDeploymentPostprocessing = 0;
		};
/* End PBXSourcesBuildPhase section */

/* Begin PBXVariantGroup section */
		0D8BD5BA236F0352007B4234 /* Main.storyboard */ = {
			isa = PBXVariantGroup;
			children = (
				0D8BD5BB236F0352007B4234 /* Base */,
			);
			name = Main.storyboard;
			sourceTree = "<group>";
		};
		0D8BD5BF236F0352007B4234 /* LaunchScreen.storyboard */ = {
			isa = PBXVariantGroup;
			children = (
				0D8BD5C0236F0352007B4234 /* Base */,
			);
			name = LaunchScreen.storyboard;
			sourceTree = "<group>";
		};
		0D8BD5CD236F0FCD007B4234 /* Sub1.storyboard */ = {
			isa = PBXVariantGroup;
			children = (
				0D8BD5CE236F0FCD007B4234 /* Base */,
			);
			name = Sub1.storyboard;
			sourceTree = "<group>";
		};
		0D8BD5D4236F1909007B4234 /* Login.storyboard */ = {
			isa = PBXVariantGroup;
			children = (
				0D8BD5D5236F1909007B4234 /* Base */,
			);
			name = Login.storyboard;
			sourceTree = "<group>";
		};
/* End PBXVariantGroup section */

/* Begin XCBuildConfiguration section */
		0D8BD5C3236F0352007B4234 /* Debug */ = {
			isa = XCBuildConfiguration;
			buildSettings = {
				ALWAYS_SEARCH_USER_PATHS = NO;
				CLANG_ANALYZER_NONNULL = YES;
				CLANG_ANALYZER_NUMBER_OBJECT_CONVERSION = YES_AGGRESSIVE;
				CLANG_CXX_LANGUAGE_STANDARD = "gnu++14";
				CLANG_CXX_LIBRARY = "libc++";
				CLANG_ENABLE_MODULES = YES;
				CLANG_ENABLE_OBJC_ARC = YES;
				CLANG_ENABLE_OBJC_WEAK = YES;
				CLANG_WARN_BLOCK_CAPTURE_AUTORELEASING = YES;
				CLANG_WARN_BOOL_CONVERSION = YES;
				CLANG_WARN_COMMA = YES;
				CLANG_WARN_CONSTANT_CONVERSION = YES;
				CLANG_WARN_DEPRECATED_OBJC_IMPLEMENTATIONS = YES;
				CLANG_WARN_DIRECT_OBJC_ISA_USAGE = YES_ERROR;
				CLANG_WARN_DOCUMENTATION_COMMENTS = YES;
				CLANG_WARN_EMPTY_BODY = YES;
				CLANG_WARN_ENUM_CONVERSION = YES;
				CLANG_WARN_INFINITE_RECURSION = YES;
				CLANG_WARN_INT_CONVERSION = YES;
				CLANG_WARN_NON_LITERAL_NULL_CONVERSION = YES;
				CLANG_WARN_OBJC_IMPLICIT_RETAIN_SELF = YES;
				CLANG_WARN_OBJC_LITERAL_CONVERSION = YES;
				CLANG_WARN_OBJC_ROOT_CLASS = YES_ERROR;
				CLANG_WARN_RANGE_LOOP_ANALYSIS = YES;
				CLANG_WARN_STRICT_PROTOTYPES = YES;
				CLANG_WARN_SUSPICIOUS_MOVE = YES;
				CLANG_WARN_UNGUARDED_AVAILABILITY = YES_AGGRESSIVE;
				CLANG_WARN_UNREACHABLE_CODE = YES;
				CLANG_WARN__DUPLICATE_METHOD_MATCH = YES;
				COPY_PHASE_STRIP = NO;
				DEBUG_INFORMATION_FORMAT = dwarf;
				ENABLE_STRICT_OBJC_MSGSEND = YES;
				ENABLE_TESTABILITY = YES;
				GCC_C_LANGUAGE_STANDARD = gnu11;
				GCC_DYNAMIC_NO_PIC = NO;
				GCC_NO_COMMON_BLOCKS = YES;
				GCC_OPTIMIZATION_LEVEL = 0;
				GCC_PREPROCESSOR_DEFINITIONS = (
					"DEBUG=1",
					"$(inherited)",
				);
				GCC_WARN_64_TO_32_BIT_CONVERSION = YES;
				GCC_WARN_ABOUT_RETURN_TYPE = YES_ERROR;
				GCC_WARN_UNDECLARED_SELECTOR = YES;
				GCC_WARN_UNINITIALIZED_AUTOS = YES_AGGRESSIVE;
				GCC_WARN_UNUSED_FUNCTION = YES;
				GCC_WARN_UNUSED_VARIABLE = YES;
				IPHONEOS_DEPLOYMENT_TARGET = 13.1;
				MTL_ENABLE_DEBUG_INFO = INCLUDE_SOURCE;
				MTL_FAST_MATH = YES;
				ONLY_ACTIVE_ARCH = YES;
				SDKROOT = iphoneos;
				SWIFT_ACTIVE_COMPILATION_CONDITIONS = DEBUG;
				SWIFT_OPTIMIZATION_LEVEL = "-Onone";
			};
			name = Debug;
		};
		0D8BD5C4236F0352007B4234 /* Release */ = {
			isa = XCBuildConfiguration;
			buildSettings = {
				ALWAYS_SEARCH_USER_PATHS = NO;
				CLANG_ANALYZER_NONNULL = YES;
				CLANG_ANALYZER_NUMBER_OBJECT_CONVERSION = YES_AGGRESSIVE;
				CLANG_CXX_LANGUAGE_STANDARD = "gnu++14";
				CLANG_CXX_LIBRARY = "libc++";
				CLANG_ENABLE_MODULES = YES;
				CLANG_ENABLE_OBJC_ARC = YES;
				CLANG_ENABLE_OBJC_WEAK = YES;
				CLANG_WARN_BLOCK_CAPTURE_AUTORELEASING = YES;
				CLANG_WARN_BOOL_CONVERSION = YES;
				CLANG_WARN_COMMA = YES;
				CLANG_WARN_CONSTANT_CONVERSION = YES;
				CLANG_WARN_DEPRECATED_OBJC_IMPLEMENTATIONS = YES;
				CLANG_WARN_DIRECT_OBJC_ISA_USAGE = YES_ERROR;
				CLANG_WARN_DOCUMENTATION_COMMENTS = YES;
				CLANG_WARN_EMPTY_BODY = YES;
				CLANG_WARN_ENUM_CONVERSION = YES;
				CLANG_WARN_INFINITE_RECURSION = YES;
				CLANG_WARN_INT_CONVERSION = YES;
				CLANG_WARN_NON_LITERAL_NULL_CONVERSION = YES;
				CLANG_WARN_OBJC_IMPLICIT_RETAIN_SELF = YES;
				CLANG_WARN_OBJC_LITERAL_CONVERSION = YES;
				CLANG_WARN_OBJC_ROOT_CLASS = YES_ERROR;
				CLANG_WARN_RANGE_LOOP_ANALYSIS = YES;
				CLANG_WARN_STRICT_PROTOTYPES = YES;
				CLANG_WARN_SUSPICIOUS_MOVE = YES;
				CLANG_WARN_UNGUARDED_AVAILABILITY = YES_AGGRESSIVE;
				CLANG_WARN_UNREACHABLE_CODE = YES;
				CLANG_WARN__DUPLICATE_METHOD_MATCH = YES;
				COPY_PHASE_STRIP = NO;
				DEBUG_INFORMATION_FORMAT = "dwarf-with-dsym";
				ENABLE_NS_ASSERTIONS = NO;
				ENABLE_STRICT_OBJC_MSGSEND = YES;
				GCC_C_LANGUAGE_STANDARD = gnu11;
				GCC_NO_COMMON_BLOCKS = YES;
				GCC_WARN_64_TO_32_BIT_CONVERSION = YES;
				GCC_WARN_ABOUT_RETURN_TYPE = YES_ERROR;
				GCC_WARN_UNDECLARED_SELECTOR = YES;
				GCC_WARN_UNINITIALIZED_AUTOS = YES_AGGRESSIVE;
				GCC_WARN_UNUSED_FUNCTION = YES;
				GCC_WARN_UNUSED_VARIABLE = YES;
				IPHONEOS_DEPLOYMENT_TARGET = 13.1;
				MTL_ENABLE_DEBUG_INFO = NO;
				MTL_FAST_MATH = YES;
				SDKROOT = iphoneos;
				SWIFT_COMPILATION_MODE = wholemodule;
				SWIFT_OPTIMIZATION_LEVEL = "-O";
				VALIDATE_PRODUCT = YES;
			};
			name = Release;
		};
		0D8BD5C6236F0352007B4234 /* Debug */ = {
			isa = XCBuildConfiguration;
			baseConfigurationReference = 95B79B027560D14A9D16D631 /* Pods-RxSwiftFundamentals.debug.xcconfig */;
			buildSettings = {
				ASSETCATALOG_COMPILER_APPICON_NAME = AppIcon;
				CODE_SIGN_STYLE = Automatic;
				DEVELOPMENT_TEAM = 4ZU2Z6746Y;
				INFOPLIST_FILE = RxSwiftFundamentals/Info.plist;
				LD_RUNPATH_SEARCH_PATHS = (
					"$(inherited)",
					"@executable_path/Frameworks",
				);
				PRODUCT_BUNDLE_IDENTIFIER = com.osamtimizer.RxSwiftFundamentals;
				PRODUCT_NAME = "$(TARGET_NAME)";
				SWIFT_VERSION = 5.0;
				TARGETED_DEVICE_FAMILY = "1,2";
			};
			name = Debug;
		};
		0D8BD5C7236F0352007B4234 /* Release */ = {
			isa = XCBuildConfiguration;
			baseConfigurationReference = 89A5ECA4A45CE7C58767BA01 /* Pods-RxSwiftFundamentals.release.xcconfig */;
			buildSettings = {
				ASSETCATALOG_COMPILER_APPICON_NAME = AppIcon;
				CODE_SIGN_STYLE = Automatic;
				DEVELOPMENT_TEAM = 4ZU2Z6746Y;
				INFOPLIST_FILE = RxSwiftFundamentals/Info.plist;
				LD_RUNPATH_SEARCH_PATHS = (
					"$(inherited)",
					"@executable_path/Frameworks",
				);
				PRODUCT_BUNDLE_IDENTIFIER = com.osamtimizer.RxSwiftFundamentals;
				PRODUCT_NAME = "$(TARGET_NAME)";
				SWIFT_VERSION = 5.0;
				TARGETED_DEVICE_FAMILY = "1,2";
			};
			name = Release;
		};
/* End XCBuildConfiguration section */

/* Begin XCConfigurationList section */
		0D8BD5AC236F0352007B4234 /* Build configuration list for PBXProject "RxSwiftFundamentals" */ = {
			isa = XCConfigurationList;
			buildConfigurations = (
				0D8BD5C3236F0352007B4234 /* Debug */,
				0D8BD5C4236F0352007B4234 /* Release */,
			);
			defaultConfigurationIsVisible = 0;
			defaultConfigurationName = Release;
		};
		0D8BD5C5236F0352007B4234 /* Build configuration list for PBXNativeTarget "RxSwiftFundamentals" */ = {
			isa = XCConfigurationList;
			buildConfigurations = (
				0D8BD5C6236F0352007B4234 /* Debug */,
				0D8BD5C7236F0352007B4234 /* Release */,
			);
			defaultConfigurationIsVisible = 0;
			defaultConfigurationName = Release;
		};
/* End XCConfigurationList section */
	};
	rootObject = 0D8BD5A9236F0352007B4234 /* Project object */;
}
